// !$*UTF8*$!
{
	archiveVersion = 1;
	classes = {
	};
	objectVersion = 46;
	objects = {

/* Begin PBXBuildFile section */
		A32634361B7C5CFB00B6B2C3 /* AppDelegate.swift in Sources */ = {isa = PBXBuildFile; fileRef = A32634351B7C5CFB00B6B2C3 /* AppDelegate.swift */; };
		A32634381B7C5CFB00B6B2C3 /* ViewController.swift in Sources */ = {isa = PBXBuildFile; fileRef = A32634371B7C5CFB00B6B2C3 /* ViewController.swift */; };
		A326343B1B7C5CFB00B6B2C3 /* Main.storyboard in Resources */ = {isa = PBXBuildFile; fileRef = A32634391B7C5CFB00B6B2C3 /* Main.storyboard */; };
		A326343D1B7C5CFB00B6B2C3 /* Images.xcassets in Resources */ = {isa = PBXBuildFile; fileRef = A326343C1B7C5CFB00B6B2C3 /* Images.xcassets */; };
		A32634401B7C5CFB00B6B2C3 /* LaunchScreen.xib in Resources */ = {isa = PBXBuildFile; fileRef = A326343E1B7C5CFB00B6B2C3 /* LaunchScreen.xib */; };
		A326344C1B7C5CFB00B6B2C3 /* tipsTests.swift in Sources */ = {isa = PBXBuildFile; fileRef = A326344B1B7C5CFB00B6B2C3 /* tipsTests.swift */; };
/* End PBXBuildFile section */

/* Begin PBXContainerItemProxy section */
		A32634461B7C5CFB00B6B2C3 /* PBXContainerItemProxy */ = {
			isa = PBXContainerItemProxy;
			containerPortal = A32634281B7C5CFB00B6B2C3 /* Project object */;
			proxyType = 1;
			remoteGlobalIDString = A326342F1B7C5CFB00B6B2C3;
			remoteInfo = tips;
		};
/* End PBXContainerItemProxy section */

/* Begin PBXFileReference section */
		A32634301B7C5CFB00B6B2C3 /* tips.app */ = {isa = PBXFileReference; explicitFileType = wrapper.application; includeInIndex = 0; path = tips.app; sourceTree = BUILT_PRODUCTS_DIR; };
		A32634341B7C5CFB00B6B2C3 /* Info.plist */ = {isa = PBXFileReference; lastKnownFileType = text.plist.xml; path = Info.plist; sourceTree = "<group>"; };
		A32634351B7C5CFB00B6B2C3 /* AppDelegate.swift */ = {isa = PBXFileReference; lastKnownFileType = sourcecode.swift; path = AppDelegate.swift; sourceTree = "<group>"; };
		A32634371B7C5CFB00B6B2C3 /* ViewController.swift */ = {isa = PBXFileReference; lastKnownFileType = sourcecode.swift; path = ViewController.swift; sourceTree = "<group>"; };
		A326343A1B7C5CFB00B6B2C3 /* Base */ = {isa = PBXFileReference; lastKnownFileType = file.storyboard; name = Base; path = Base.lproj/Main.storyboard; sourceTree = "<group>"; };
		A326343C1B7C5CFB00B6B2C3 /* Images.xcassets */ = {isa = PBXFileReference; lastKnownFileType = folder.assetcatalog; path = Images.xcassets; sourceTree = "<group>"; };
		A326343F1B7C5CFB00B6B2C3 /* Base */ = {isa = PBXFileReference; lastKnownFileType = file.xib; name = Base; path = Base.lproj/LaunchScreen.xib; sourceTree = "<group>"; };
		A32634451B7C5CFB00B6B2C3 /* tipsTests.xctest */ = {isa = PBXFileReference; explicitFileType = wrapper.cfbundle; includeInIndex = 0; path = tipsTests.xctest; sourceTree = BUILT_PRODUCTS_DIR; };
		A326344A1B7C5CFB00B6B2C3 /* Info.plist */ = {isa = PBXFileReference; lastKnownFileType = text.plist.xml; path = Info.plist; sourceTree = "<group>"; };
		A326344B1B7C5CFB00B6B2C3 /* tipsTests.swift */ = {isa = PBXFileReference; lastKnownFileType = sourcecode.swift; path = tipsTests.swift; sourceTree = "<group>"; };
/* End PBXFileReference section */

/* Begin PBXFrameworksBuildPhase section */
		A326342D1B7C5CFB00B6B2C3 /* Frameworks */ = {
			isa = PBXFrameworksBuildPhase;
			buildActionMask = 2147483647;
			files = (
			);
			runOnlyForDeploymentPostprocessing = 0;
		};
		A32634421B7C5CFB00B6B2C3 /* Frameworks */ = {
			isa = PBXFrameworksBuildPhase;
			buildActionMask = 2147483647;
			files = (
			);
			runOnlyForDeploymentPostprocessing = 0;
		};
/* End PBXFrameworksBuildPhase section */

/* Begin PBXGroup section */
		A32634271B7C5CFB00B6B2C3 = {
			isa = PBXGroup;
			children = (
				A32634321B7C5CFB00B6B2C3 /* tips */,
				A32634481B7C5CFB00B6B2C3 /* tipsTests */,
				A32634311B7C5CFB00B6B2C3 /* Products */,
			);
			sourceTree = "<group>";
		};
		A32634311B7C5CFB00B6B2C3 /* Products */ = {
			isa = PBXGroup;
			children = (
				A32634301B7C5CFB00B6B2C3 /* tips.app */,
				A32634451B7C5CFB00B6B2C3 /* tipsTests.xctest */,
			);
			name = Products;
			sourceTree = "<group>";
		};
		A32634321B7C5CFB00B6B2C3 /* tips */ = {
			isa = PBXGroup;
			children = (
				A32634351B7C5CFB00B6B2C3 /* AppDelegate.swift */,
				A32634371B7C5CFB00B6B2C3 /* ViewController.swift */,
				A32634391B7C5CFB00B6B2C3 /* Main.storyboard */,
				A326343C1B7C5CFB00B6B2C3 /* Images.xcassets */,
				A326343E1B7C5CFB00B6B2C3 /* LaunchScreen.xib */,
				A32634331B7C5CFB00B6B2C3 /* Supporting Files */,
			);
			path = tips;
			sourceTree = "<group>";
		};
		A32634331B7C5CFB00B6B2C3 /* Supporting Files */ = {
			isa = PBXGroup;
			children = (
				A32634341B7C5CFB00B6B2C3 /* Info.plist */,
			);
			name = "Supporting Files";
			sourceTree = "<group>";
		};
		A32634481B7C5CFB00B6B2C3 /* tipsTests */ = {
			isa = PBXGroup;
			children = (
				A326344B1B7C5CFB00B6B2C3 /* tipsTests.swift */,
				A32634491B7C5CFB00B6B2C3 /* Supporting Files */,
			);
			path = tipsTests;
			sourceTree = "<group>";
		};
		A32634491B7C5CFB00B6B2C3 /* Supporting Files */ = {
			isa = PBXGroup;
			children = (
				A326344A1B7C5CFB00B6B2C3 /* Info.plist */,
			);
			name = "Supporting Files";
			sourceTree = "<group>";
		};
/* End PBXGroup section */

/* Begin PBXNativeTarget section */
		A326342F1B7C5CFB00B6B2C3 /* tips */ = {
			isa = PBXNativeTarget;
			buildConfigurationList = A326344F1B7C5CFB00B6B2C3 /* Build configuration list for PBXNativeTarget "tips" */;
			buildPhases = (
				A326342C1B7C5CFB00B6B2C3 /* Sources */,
				A326342D1B7C5CFB00B6B2C3 /* Frameworks */,
				A326342E1B7C5CFB00B6B2C3 /* Resources */,
			);
			buildRules = (
			);
			dependencies = (
			);
			name = tips;
			productName = tips;
			productReference = A32634301B7C5CFB00B6B2C3 /* tips.app */;
			productType = "com.apple.product-type.application";
		};
		A32634441B7C5CFB00B6B2C3 /* tipsTests */ = {
			isa = PBXNativeTarget;
			buildConfigurationList = A32634521B7C5CFB00B6B2C3 /* Build configuration list for PBXNativeTarget "tipsTests" */;
			buildPhases = (
				A32634411B7C5CFB00B6B2C3 /* Sources */,
				A32634421B7C5CFB00B6B2C3 /* Frameworks */,
				A32634431B7C5CFB00B6B2C3 /* Resources */,
			);
			buildRules = (
			);
			dependencies = (
				A32634471B7C5CFB00B6B2C3 /* PBXTargetDependency */,
			);
			name = tipsTests;
			productName = tipsTests;
			productReference = A32634451B7C5CFB00B6B2C3 /* tipsTests.xctest */;
			productType = "com.apple.product-type.bundle.unit-test";
		};
/* End PBXNativeTarget section */

/* Begin PBXProject section */
		A32634281B7C5CFB00B6B2C3 /* Project object */ = {
			isa = PBXProject;
			attributes = {
				LastUpgradeCheck = 0640;
				ORGANIZATIONNAME = "Jess Lam";
				TargetAttributes = {
					A326342F1B7C5CFB00B6B2C3 = {
						CreatedOnToolsVersion = 6.4;
					};
					A32634441B7C5CFB00B6B2C3 = {
						CreatedOnToolsVersion = 6.4;
						TestTargetID = A326342F1B7C5CFB00B6B2C3;
					};
				};
			};
			buildConfigurationList = A326342B1B7C5CFB00B6B2C3 /* Build configuration list for PBXProject "tips" */;
			compatibilityVersion = "Xcode 3.2";
			developmentRegion = English;
			hasScannedForEncodings = 0;
			knownRegions = (
				en,
				Base,
			);
			mainGroup = A32634271B7C5CFB00B6B2C3;
			productRefGroup = A32634311B7C5CFB00B6B2C3 /* Products */;
			projectDirPath = "";
			projectRoot = "";
			targets = (
				A326342F1B7C5CFB00B6B2C3 /* tips */,
				A32634441B7C5CFB00B6B2C3 /* tipsTests */,
			);
		};
/* End PBXProject section */

/* Begin PBXResourcesBuildPhase section */
		A326342E1B7C5CFB00B6B2C3 /* Resources */ = {
			isa = PBXResourcesBuildPhase;
			buildActionMask = 2147483647;
			files = (
				A326343B1B7C5CFB00B6B2C3 /* Main.storyboard in Resources */,
				A32634401B7C5CFB00B6B2C3 /* LaunchScreen.xib in Resources */,
				A326343D1B7C5CFB00B6B2C3 /* Images.xcassets in Resources */,
			);
			runOnlyForDeploymentPostprocessing = 0;
		};
		A32634431B7C5CFB00B6B2C3 /* Resources */ = {
			isa = PBXResourcesBuildPhase;
			buildActionMask = 2147483647;
			files = (
			);
			runOnlyForDeploymentPostprocessing = 0;
		};
/* End PBXResourcesBuildPhase section */

/* Begin PBXSourcesBuildPhase section */
		A326342C1B7C5CFB00B6B2C3 /* Sources */ = {
			isa = PBXSourcesBuildPhase;
			buildActionMask = 2147483647;
			files = (
				A32634381B7C5CFB00B6B2C3 /* ViewController.swift in Sources */,
				A32634361B7C5CFB00B6B2C3 /* AppDelegate.swift in Sources */,
			);
			runOnlyForDeploymentPostprocessing = 0;
		};
		A32634411B7C5CFB00B6B2C3 /* Sources */ = {
			isa = PBXSourcesBuildPhase;
			buildActionMask = 2147483647;
			files = (
				A326344C1B7C5CFB00B6B2C3 /* tipsTests.swift in Sources */,
			);
			runOnlyForDeploymentPostprocessing = 0;
		};
/* End PBXSourcesBuildPhase section */

/* Begin PBXTargetDependency section */
		A32634471B7C5CFB00B6B2C3 /* PBXTargetDependency */ = {
			isa = PBXTargetDependency;
			target = A326342F1B7C5CFB00B6B2C3 /* tips */;
			targetProxy = A32634461B7C5CFB00B6B2C3 /* PBXContainerItemProxy */;
		};
/* End PBXTargetDependency section */

/* Begin PBXVariantGroup section */
		A32634391B7C5CFB00B6B2C3 /* Main.storyboard */ = {
			isa = PBXVariantGroup;
			children = (
				A326343A1B7C5CFB00B6B2C3 /* Base */,
			);
			name = Main.storyboard;
			sourceTree = "<group>";
		};
		A326343E1B7C5CFB00B6B2C3 /* LaunchScreen.xib */ = {
			isa = PBXVariantGroup;
			children = (
				A326343F1B7C5CFB00B6B2C3 /* Base */,
			);
			name = LaunchScreen.xib;
			sourceTree = "<group>";
		};
/* End PBXVariantGroup section */

/* Begin XCBuildConfiguration section */
		A326344D1B7C5CFB00B6B2C3 /* Debug */ = {
			isa = XCBuildConfiguration;
			buildSettings = {
				ALWAYS_SEARCH_USER_PATHS = NO;
				CLANG_CXX_LANGUAGE_STANDARD = "gnu++0x";
				CLANG_CXX_LIBRARY = "libc++";
				CLANG_ENABLE_MODULES = YES;
				CLANG_ENABLE_OBJC_ARC = YES;
				CLANG_WARN_BOOL_CONVERSION = YES;
				CLANG_WARN_CONSTANT_CONVERSION = YES;
				CLANG_WARN_DIRECT_OBJC_ISA_USAGE = YES_ERROR;
				CLANG_WARN_EMPTY_BODY = YES;
				CLANG_WARN_ENUM_CONVERSION = YES;
				CLANG_WARN_INT_CONVERSION = YES;
				CLANG_WARN_OBJC_ROOT_CLASS = YES_ERROR;
				CLANG_WARN_UNREACHABLE_CODE = YES;
				CLANG_WARN__DUPLICATE_METHOD_MATCH = YES;
				"CODE_SIGN_IDENTITY[sdk=iphoneos*]" = "iPhone Developer";
				COPY_PHASE_STRIP = NO;
				DEBUG_INFORMATION_FORMAT = "dwarf-with-dsym";
				ENABLE_STRICT_OBJC_MSGSEND = YES;
				GCC_C_LANGUAGE_STANDARD = gnu99;
				GCC_DYNAMIC_NO_PIC = NO;
				GCC_NO_COMMON_BLOCKS = YES;
				GCC_OPTIMIZATION_LEVEL = 0;
				GCC_PREPROCESSOR_DEFINITIONS = (
					"DEBUG=1",
					"$(inherited)",
				);
				GCC_SYMBOLS_PRIVATE_EXTERN = NO;
				GCC_WARN_64_TO_32_BIT_CONVERSION = YES;
				GCC_WARN_ABOUT_RETURN_TYPE = YES_ERROR;
				GCC_WARN_UNDECLARED_SELECTOR = YES;
				GCC_WARN_UNINITIALIZED_AUTOS = YES_AGGRESSIVE;
				GCC_WARN_UNUSED_FUNCTION = YES;
				GCC_WARN_UNUSED_VARIABLE = YES;
				IPHONEOS_DEPLOYMENT_TARGET = 8.4;
				MTL_ENABLE_DEBUG_INFO = YES;
				ONLY_ACTIVE_ARCH = YES;
				SDKROOT = iphoneos;
				SWIFT_OPTIMIZATION_LEVEL = "-Onone";
			};
			name = Debug;
		};
		A326344E1B7C5CFB00B6B2C3 /* Release */ = {
			isa = XCBuildConfiguration;
			buildSettings = {
				ALWAYS_SEARCH_USER_PATHS = NO;
				CLANG_CXX_LANGUAGE_STANDARD = "gnu++0x";
				CLANG_CXX_LIBRARY = "libc++";
				CLANG_ENABLE_MODULES = YES;
				CLANG_ENABLE_OBJC_ARC = YES;
				CLANG_WARN_BOOL_CONVERSION = YES;
				CLANG_WARN_CONSTANT_CONVERSION = YES;
				CLANG_WARN_DIRECT_OBJC_ISA_USAGE = YES_ERROR;
				CLANG_WARN_EMPTY_BODY = YES;
				CLANG_WARN_ENUM_CONVERSION = YES;
				CLANG_WARN_INT_CONVERSION = YES;
				CLANG_WARN_OBJC_ROOT_CLASS = YES_ERROR;
				CLANG_WARN_UNREACHABLE_CODE = YES;
				CLANG_WARN__DUPLICATE_METHOD_MATCH = YES;
				"CODE_SIGN_IDENTITY[sdk=iphoneos*]" = "iPhone Developer";
				COPY_PHASE_STRIP = NO;
				DEBUG_INFORMATION_FORMAT = "dwarf-with-dsym";
				ENABLE_NS_ASSERTIONS = NO;
				ENABLE_STRICT_OBJC_MSGSEND = YES;
				GCC_C_LANGUAGE_STANDARD = gnu99;
				GCC_NO_COMMON_BLOCKS = YES;
				GCC_WARN_64_TO_32_BIT_CONVERSION = YES;
				GCC_WARN_ABOUT_RETURN_TYPE = YES_ERROR;
				GCC_WARN_UNDECLARED_SELECTOR = YES;
				GCC_WARN_UNINITIALIZED_AUTOS = YES_AGGRESSIVE;
				GCC_WARN_UNUSED_FUNCTION = YES;
				GCC_WARN_UNUSED_VARIABLE = YES;
				IPHONEOS_DEPLOYMENT_TARGET = 8.4;
				MTL_ENABLE_DEBUG_INFO = NO;
				SDKROOT = iphoneos;
				VALIDATE_PRODUCT = YES;
			};
			name = Release;
		};
		A32634501B7C5CFB00B6B2C3 /* Debug */ = {
			isa = XCBuildConfiguration;
			buildSettings = {
				ASSETCATALOG_COMPILER_APPICON_NAME = AppIcon;
				INFOPLIST_FILE = tips/Info.plist;
				LD_RUNPATH_SEARCH_PATHS = "$(inherited) @executable_path/Frameworks";
				PRODUCT_NAME = "$(TARGET_NAME)";
			};
			name = Debug;
		};
		A32634511B7C5CFB00B6B2C3 /* Release */ = {
			isa = XCBuildConfiguration;
			buildSettings = {
				ASSETCATALOG_COMPILER_APPICON_NAME = AppIcon;
				INFOPLIST_FILE = tips/Info.plist;
				LD_RUNPATH_SEARCH_PATHS = "$(inherited) @executable_path/Frameworks";
				PRODUCT_NAME = "$(TARGET_NAME)";
			};
			name = Release;
		};
		A32634531B7C5CFB00B6B2C3 /* Debug */ = {
			isa = XCBuildConfiguration;
			buildSettings = {
				BUNDLE_LOADER = "$(TEST_HOST)";
				FRAMEWORK_SEARCH_PATHS = (
					"$(SDKROOT)/Developer/Library/Frameworks",
					"$(inherited)",
				);
				GCC_PREPROCESSOR_DEFINITIONS = (
					"DEBUG=1",
					"$(inherited)",
				);
				INFOPLIST_FILE = tipsTests/Info.plist;
				LD_RUNPATH_SEARCH_PATHS = "$(inherited) @executable_path/Frameworks @loader_path/Frameworks";
				PRODUCT_NAME = "$(TARGET_NAME)";
				TEST_HOST = "$(BUILT_PRODUCTS_DIR)/tips.app/tips";
			};
			name = Debug;
		};
		A32634541B7C5CFB00B6B2C3 /* Release */ = {
			isa = XCBuildConfiguration;
			buildSettings = {
				BUNDLE_LOADER = "$(TEST_HOST)";
				FRAMEWORK_SEARCH_PATHS = (
					"$(SDKROOT)/Developer/Library/Frameworks",
					"$(inherited)",
				);
				INFOPLIST_FILE = tipsTests/Info.plist;
				LD_RUNPATH_SEARCH_PATHS = "$(inherited) @executable_path/Frameworks @loader_path/Frameworks";
				PRODUCT_NAME = "$(TARGET_NAME)";
				TEST_HOST = "$(BUILT_PRODUCTS_DIR)/tips.app/tips";
			};
			name = Release;
		};
/* End XCBuildConfiguration section */

/* Begin XCConfigurationList section */
		A326342B1B7C5CFB00B6B2C3 /* Build configuration list for PBXProject "tips" */ = {
			isa = XCConfigurationList;
			buildConfigurations = (
				A326344D1B7C5CFB00B6B2C3 /* Debug */,
				A326344E1B7C5CFB00B6B2C3 /* Release */,
			);
			defaultConfigurationIsVisible = 0;
			defaultConfigurationName = Release;
		};
		A326344F1B7C5CFB00B6B2C3 /* Build configuration list for PBXNativeTarget "tips" */ = {
			isa = XCConfigurationList;
			buildConfigurations = (
				A32634501B7C5CFB00B6B2C3 /* Debug */,
				A32634511B7C5CFB00B6B2C3 /* Release */,
			);
			defaultConfigurationIsVisible = 0;
		};
		A32634521B7C5CFB00B6B2C3 /* Build configuration list for PBXNativeTarget "tipsTests" */ = {
			isa = XCConfigurationList;
			buildConfigurations = (
				A32634531B7C5CFB00B6B2C3 /* Debug */,
				A32634541B7C5CFB00B6B2C3 /* Release */,
			);
			defaultConfigurationIsVisible = 0;
		};
/* End XCConfigurationList section */
	};
	rootObject = A32634281B7C5CFB00B6B2C3 /* Project object */;
}
